
Microsoft Visual Studio Solution File, Format Version 12.00
# Visual Studio 15
VisualStudioVersion = 15.0.28307.705
MinimumVisualStudioVersion = 10.0.40219.1
Project("{FAE04EC0-301F-11D3-BF4B-00C04F79EFBC}") = "AspCRUD", "AspCRUD\AspCRUD.csproj", "{8D053AB7-2F61-44DB-91C7-605A87A5DA97}"
EndProject
Global
	GlobalSection(SolutionConfigurationPlatforms) = preSolution
		Debug|Any CPU = Debug|Any CPU
		Release|Any CPU = Release|Any CPU
	EndGlobalSection
	GlobalSection(ProjectConfigurationPlatforms) = postSolution
		{8D053AB7-2F61-44DB-91C7-605A87A5DA97}.Debug|Any CPU.ActiveCfg = Debug|Any CPU
		{8D053AB7-2F61-44DB-91C7-605A87A5DA97}.Debug|Any CPU.Build.0 = Debug|Any CPU
		{8D053AB7-2F61-44DB-91C7-605A87A5DA97}.Release|Any CPU.ActiveCfg = Release|Any CPU
		{8D053AB7-2F61-44DB-91C7-605A87A5DA97}.Release|Any CPU.Build.0 = Release|Any CPU
	EndGlobalSection
	GlobalSection(SolutionProperties) = preSolution
		HideSolutionNode = FALSE
	EndGlobalSection
	GlobalSection(ExtensibilityGlobals) = postSolution
		SolutionGuid = {3D2124BD-5874-42B3-8560-CB868DC370D1}
	EndGlobalSection
EndGlobal
