
Microsoft Visual Studio Solution File, Format Version 12.00
# Visual Studio 15
VisualStudioVersion = 15.0.28307.705
MinimumVisualStudioVersion = 10.0.40219.1
Project("{FAE04EC0-301F-11D3-BF4B-00C04F79EFBC}") = "Polimorfismo", "Polimorfismo\Polimorfismo.csproj", "{1F78E18F-B7F3-4151-812F-09D7FC11401E}"
EndProject
Global
	GlobalSection(SolutionConfigurationPlatforms) = preSolution
		Debug|Any CPU = Debug|Any CPU
		Release|Any CPU = Release|Any CPU
	EndGlobalSection
	GlobalSection(ProjectConfigurationPlatforms) = postSolution
		{1F78E18F-B7F3-4151-812F-09D7FC11401E}.Debug|Any CPU.ActiveCfg = Debug|Any CPU
		{1F78E18F-B7F3-4151-812F-09D7FC11401E}.Debug|Any CPU.Build.0 = Debug|Any CPU
		{1F78E18F-B7F3-4151-812F-09D7FC11401E}.Release|Any CPU.ActiveCfg = Release|Any CPU
		{1F78E18F-B7F3-4151-812F-09D7FC11401E}.Release|Any CPU.Build.0 = Release|Any CPU
	EndGlobalSection
	GlobalSection(SolutionProperties) = preSolution
		HideSolutionNode = FALSE
	EndGlobalSection
	GlobalSection(ExtensibilityGlobals) = postSolution
		SolutionGuid = {7877B8A6-35CD-4A6E-8937-025EF0CA4603}
	EndGlobalSection
EndGlobal
